
Microsoft Visual Studio Solution File, Format Version 12.00
# Visual Studio Version 17
VisualStudioVersion = 17.13.35913.81 d17.13
MinimumVisualStudioVersion = 10.0.40219.1
Project("{FAE04EC0-301F-11D3-BF4B-00C04F79EFBC}") = "UniFlowSn", "UniFlowSn\UniFlowSn.csproj", "{46CDD89E-2468-4484-BEF2-B1743B511CF3}"
EndProject
Global
	GlobalSection(SolutionConfigurationPlatforms) = preSolution
		Debug|Any CPU = Debug|Any CPU
		Release|Any CPU = Release|Any CPU
	EndGlobalSection
	GlobalSection(ProjectConfigurationPlatforms) = postSolution
		{46CDD89E-2468-4484-BEF2-B1743B511CF3}.Debug|Any CPU.ActiveCfg = Debug|Any CPU
		{46CDD89E-2468-4484-BEF2-B1743B511CF3}.Debug|Any CPU.Build.0 = Debug|Any CPU
		{46CDD89E-2468-4484-BEF2-B1743B511CF3}.Release|Any CPU.ActiveCfg = Release|Any CPU
		{46CDD89E-2468-4484-BEF2-B1743B511CF3}.Release|Any CPU.Build.0 = Release|Any CPU
	EndGlobalSection
	GlobalSection(SolutionProperties) = preSolution
		HideSolutionNode = FALSE
	EndGlobalSection
	GlobalSection(ExtensibilityGlobals) = postSolution
		SolutionGuid = {AA37600F-9E3A-4B9B-B9B2-54B0DADC1500}
	EndGlobalSection
EndGlobal
